
Microsoft Visual Studio Solution File, Format Version 12.00
# Visual Studio 15
VisualStudioVersion = 15.0.27703.2026
MinimumVisualStudioVersion = 10.0.40219.1
Project("{FAE04EC0-301F-11D3-BF4B-00C04F79EFBC}") = "BootstrapDemo", "BootstrapDemo\BootstrapDemo.csproj", "{A73F2C89-1744-4AE9-B0D4-9CB14BAD7BE0}"
EndProject
Global
	GlobalSection(SolutionConfigurationPlatforms) = preSolution
		Debug|Any CPU = Debug|Any CPU
		Release|Any CPU = Release|Any CPU
	EndGlobalSection
	GlobalSection(ProjectConfigurationPlatforms) = postSolution
		{A73F2C89-1744-4AE9-B0D4-9CB14BAD7BE0}.Debug|Any CPU.ActiveCfg = Debug|Any CPU
		{A73F2C89-1744-4AE9-B0D4-9CB14BAD7BE0}.Debug|Any CPU.Build.0 = Debug|Any CPU
		{A73F2C89-1744-4AE9-B0D4-9CB14BAD7BE0}.Release|Any CPU.ActiveCfg = Release|Any CPU
		{A73F2C89-1744-4AE9-B0D4-9CB14BAD7BE0}.Release|Any CPU.Build.0 = Release|Any CPU
	EndGlobalSection
	GlobalSection(SolutionProperties) = preSolution
		HideSolutionNode = FALSE
	EndGlobalSection
	GlobalSection(ExtensibilityGlobals) = postSolution
		SolutionGuid = {1E11D53D-6400-4B49-A141-D44196835D39}
	EndGlobalSection
EndGlobal
