
Microsoft Visual Studio Solution File, Format Version 12.00
# Visual Studio 15
VisualStudioVersion = 15.0.27703.2026
MinimumVisualStudioVersion = 10.0.40219.1
Project("{FAE04EC0-301F-11D3-BF4B-00C04F79EFBC}") = "ImagebuttonDemo", "ImagebuttonDemo\ImagebuttonDemo.csproj", "{B3E6B8D9-CA6D-4B14-9F7B-C33D5095B8E6}"
EndProject
Global
	GlobalSection(SolutionConfigurationPlatforms) = preSolution
		Debug|Any CPU = Debug|Any CPU
		Release|Any CPU = Release|Any CPU
	EndGlobalSection
	GlobalSection(ProjectConfigurationPlatforms) = postSolution
		{B3E6B8D9-CA6D-4B14-9F7B-C33D5095B8E6}.Debug|Any CPU.ActiveCfg = Debug|Any CPU
		{B3E6B8D9-CA6D-4B14-9F7B-C33D5095B8E6}.Debug|Any CPU.Build.0 = Debug|Any CPU
		{B3E6B8D9-CA6D-4B14-9F7B-C33D5095B8E6}.Release|Any CPU.ActiveCfg = Release|Any CPU
		{B3E6B8D9-CA6D-4B14-9F7B-C33D5095B8E6}.Release|Any CPU.Build.0 = Release|Any CPU
	EndGlobalSection
	GlobalSection(SolutionProperties) = preSolution
		HideSolutionNode = FALSE
	EndGlobalSection
	GlobalSection(ExtensibilityGlobals) = postSolution
		SolutionGuid = {64D941AD-D5EB-4B43-AB88-0409747DDD91}
	EndGlobalSection
EndGlobal
