
Microsoft Visual Studio Solution File, Format Version 12.00
# Visual Studio 15
VisualStudioVersion = 15.0.27703.2026
MinimumVisualStudioVersion = 10.0.40219.1
Project("{FAE04EC0-301F-11D3-BF4B-00C04F79EFBC}") = "McdonaldDatabaseDemo1", "McdonaldDatabaseDemo1\McdonaldDatabaseDemo1.csproj", "{F801EDAB-983D-4DEB-B8FB-3632F74A5605}"
EndProject
Global
	GlobalSection(SolutionConfigurationPlatforms) = preSolution
		Debug|Any CPU = Debug|Any CPU
		Release|Any CPU = Release|Any CPU
	EndGlobalSection
	GlobalSection(ProjectConfigurationPlatforms) = postSolution
		{F801EDAB-983D-4DEB-B8FB-3632F74A5605}.Debug|Any CPU.ActiveCfg = Debug|Any CPU
		{F801EDAB-983D-4DEB-B8FB-3632F74A5605}.Debug|Any CPU.Build.0 = Debug|Any CPU
		{F801EDAB-983D-4DEB-B8FB-3632F74A5605}.Release|Any CPU.ActiveCfg = Release|Any CPU
		{F801EDAB-983D-4DEB-B8FB-3632F74A5605}.Release|Any CPU.Build.0 = Release|Any CPU
	EndGlobalSection
	GlobalSection(SolutionProperties) = preSolution
		HideSolutionNode = FALSE
	EndGlobalSection
	GlobalSection(ExtensibilityGlobals) = postSolution
		SolutionGuid = {74007B60-1935-4FEE-BC79-BB50D1BE843C}
	EndGlobalSection
EndGlobal
