
Microsoft Visual Studio Solution File, Format Version 12.00
# Visual Studio 15
VisualStudioVersion = 15.0.27703.2026
MinimumVisualStudioVersion = 10.0.40219.1
Project("{FAE04EC0-301F-11D3-BF4B-00C04F79EFBC}") = "TrendMotors3", "TrendMotors3\TrendMotors3.csproj", "{8C5D1BED-5790-4C6A-B08D-58C6E2A54BF0}"
EndProject
Global
	GlobalSection(SolutionConfigurationPlatforms) = preSolution
		Debug|Any CPU = Debug|Any CPU
		Release|Any CPU = Release|Any CPU
	EndGlobalSection
	GlobalSection(ProjectConfigurationPlatforms) = postSolution
		{8C5D1BED-5790-4C6A-B08D-58C6E2A54BF0}.Debug|Any CPU.ActiveCfg = Debug|Any CPU
		{8C5D1BED-5790-4C6A-B08D-58C6E2A54BF0}.Debug|Any CPU.Build.0 = Debug|Any CPU
		{8C5D1BED-5790-4C6A-B08D-58C6E2A54BF0}.Release|Any CPU.ActiveCfg = Release|Any CPU
		{8C5D1BED-5790-4C6A-B08D-58C6E2A54BF0}.Release|Any CPU.Build.0 = Release|Any CPU
	EndGlobalSection
	GlobalSection(SolutionProperties) = preSolution
		HideSolutionNode = FALSE
	EndGlobalSection
	GlobalSection(ExtensibilityGlobals) = postSolution
		SolutionGuid = {096444EF-7512-4C7F-956C-C95BCDBB040C}
	EndGlobalSection
EndGlobal
