
Microsoft Visual Studio Solution File, Format Version 12.00
# Visual Studio 15
VisualStudioVersion = 15.0.27703.2026
MinimumVisualStudioVersion = 10.0.40219.1
Project("{FAE04EC0-301F-11D3-BF4B-00C04F79EFBC}") = "ListViewDemo", "ListViewDemo.csproj", "{0165B7B0-52D1-4EA5-BB4D-FA3E97A17077}"
EndProject
Global
	GlobalSection(SolutionConfigurationPlatforms) = preSolution
		Debug|Any CPU = Debug|Any CPU
		Release|Any CPU = Release|Any CPU
	EndGlobalSection
	GlobalSection(ProjectConfigurationPlatforms) = postSolution
		{0165B7B0-52D1-4EA5-BB4D-FA3E97A17077}.Debug|Any CPU.ActiveCfg = Debug|Any CPU
		{0165B7B0-52D1-4EA5-BB4D-FA3E97A17077}.Debug|Any CPU.Build.0 = Debug|Any CPU
		{0165B7B0-52D1-4EA5-BB4D-FA3E97A17077}.Release|Any CPU.ActiveCfg = Release|Any CPU
		{0165B7B0-52D1-4EA5-BB4D-FA3E97A17077}.Release|Any CPU.Build.0 = Release|Any CPU
	EndGlobalSection
	GlobalSection(SolutionProperties) = preSolution
		HideSolutionNode = FALSE
	EndGlobalSection
	GlobalSection(ExtensibilityGlobals) = postSolution
		SolutionGuid = {61B8F891-E60B-4B2D-BC81-CFB3728287DF}
	EndGlobalSection
EndGlobal
